
Microsoft Visual Studio Solution File, Format Version 12.00
# Visual Studio Version 17
VisualStudioVersion = 17.7.34009.444
MinimumVisualStudioVersion = 10.0.40219.1
Project("{FAE04EC0-301F-11D3-BF4B-00C04F79EFBC}") = "Video Cutter in 5 seconds", "Video Cutter in 5 seconds\Video Cutter in 5 seconds.csproj", "{CD37F83F-05CF-446C-8E8B-E845E6DCB612}"
EndProject
Global
	GlobalSection(SolutionConfigurationPlatforms) = preSolution
		Debug|Any CPU = Debug|Any CPU
		Release|Any CPU = Release|Any CPU
	EndGlobalSection
	GlobalSection(ProjectConfigurationPlatforms) = postSolution
		{CD37F83F-05CF-446C-8E8B-E845E6DCB612}.Debug|Any CPU.ActiveCfg = Debug|Any CPU
		{CD37F83F-05CF-446C-8E8B-E845E6DCB612}.Debug|Any CPU.Build.0 = Debug|Any CPU
		{CD37F83F-05CF-446C-8E8B-E845E6DCB612}.Release|Any CPU.ActiveCfg = Release|Any CPU
		{CD37F83F-05CF-446C-8E8B-E845E6DCB612}.Release|Any CPU.Build.0 = Release|Any CPU
	EndGlobalSection
	GlobalSection(SolutionProperties) = preSolution
		HideSolutionNode = FALSE
	EndGlobalSection
	GlobalSection(ExtensibilityGlobals) = postSolution
		SolutionGuid = {858C8F1D-C17A-41D8-92A6-BAA4594E68AA}
	EndGlobalSection
EndGlobal
